<?xml version="1.0" encoding="utf-8"?>
<Project ToolsVersion="4.0" xmlns="http://schemas.microsoft.com/developer/msbuild/2003">
  <ItemGroup>
    <ClCompile Include="main.cpp" />
    <ClCompile Include="Game.cpp" />
    <ClCompile Include="ResManager\ResManager.cpp" />
    <ClCompile Include="ResManager\Shader.cpp" />
    <ClCompile Include="World\Chunk.cpp" />
    <ClCompile Include="View\Window.cpp" />
    <ClCompile Include="View\Camera.cpp" />
    <ClCompile Include="Maths\GlmCommon.cpp" />
    <ClCompile Include="World\Section.cpp" />
    <ClCompile Include="Maths\Converter.cpp" />
    <ClCompile Include="World\ChunkMap.cpp" />
    <ClCompile Include="Util\glad.c" />
    <ClCompile Include="Util\Debug.cpp" />
    <ClCompile Include="Util\stb_image.cpp" />
    <ClCompile Include="Maths\Dir2D.cpp" />
    <ClCompile Include="Maths\Dir3D.cpp" />
    <ClCompile Include="Util\Logger.cpp" />
    <ClCompile Include="Maths\LineBlockFinder.cpp" />
    <ClCompile Include="View\Frustum.cpp" />
    <ClCompile Include="Renderer\DefaultRenderer.cpp" />
    <ClCompile Include="Renderer\WaterRenderer.cpp" />
    <ClCompile Include="View\WindowTextDrawer.cpp" />
    <ClCompile Include="ResManager\Texture2D.cpp" />
    <ClCompile Include="ResManager\TextureArray.cpp" />
    <ClCompile Include="Block\BlockData.cpp" />
    <ClCompile Include="Block\BlockDatas.cpp" />
    <ClCompile Include="Generator\ChunkGenerator.cpp" />
    <ClCompile Include="Generator\Noise\OctavePerlin.cpp" />
    <ClCompile Include="Generator\Noise\PerlinNoise.cpp" />
    <ClCompile Include="Generator\Structure\Structure.cpp" />
    <ClCompile Include="Commands\Commands.cpp" />
    <ClCompile Include="Renderer\PostProcessingRenderer.cpp" />
  </ItemGroup>
  <ItemGroup>
    <ClInclude Include="Game.h" />
    <ClInclude Include="Util\Array3D.h" />
    <ClInclude Include="ResManager\ResManager.h" />
    <ClInclude Include="ResManager\Shader.h" />
    <ClInclude Include="World\Chunk.h" />
    <ClInclude Include="View\Window.h" />
    <ClInclude Include="View\Camera.h" />
    <ClInclude Include="Maths\GlmCommon.h" />
    <ClInclude Include="World\Section.h" />
    <ClInclude Include="Maths\Converter.h" />
    <ClInclude Include="World\ChunkMap.h" />
    <ClInclude Include="Util\Debug.h" />
    <ClInclude Include="World\WorldConstants.h" />
    <ClInclude Include="Util\stb_image.h" />
    <ClInclude Include="Maths\Dir2D.h" />
    <ClInclude Include="Maths\Dir3D.h" />
    <ClInclude Include="Util\json.hpp" />
    <ClInclude Include="Util\Logger.h" />
    <ClInclude Include="FPSCounter.h" />
    <ClInclude Include="Maths\MiscMath.h" />
    <ClInclude Include="Maths\LineBlockFinder.h" />
    <ClInclude Include="Util\enum.h" />
    <ClInclude Include="View\Frustum.h" />
    <ClInclude Include="Renderer\DefaultRenderer.h" />
    <ClInclude Include="World\Mesh.h" />
    <ClInclude Include="World\CubeData.h" />
    <ClInclude Include="Renderer\WaterRenderer.h" />
    <ClInclude Include="View\WindowTextDrawer.h" />
    <ClInclude Include="View\CaptureMouse.h" />
    <ClInclude Include="View\Crosshair.h" />
    <ClInclude Include="ResManager\Texture2D.h" />
    <ClInclude Include="ResManager\TextureArray.h" />
    <ClInclude Include="Block\Block.h" />
    <ClInclude Include="Block\BlockData.h" />
    <ClInclude Include="Block\BlockDatas.h" />
    <ClInclude Include="Block\ID.h" />
    <ClInclude Include="Generator\ChunkGenerator.h" />
    <ClInclude Include="Generator\Noise\PerlinNoise.h" />
    <ClInclude Include="Generator\Noise\OctavePerlin.h" />
    <ClInclude Include="Generator\Structure\Structure.h" />
    <ClInclude Include="Commands\Commands.h" />
    <ClInclude Include="Renderer\PostProcessingRenderer.h" />
  </ItemGroup>
</Project>