<?xml version="1.0" encoding="utf-8"?>
<Project ToolsVersion="4.0" xmlns="http://schemas.microsoft.com/developer/msbuild/2003">
  <ItemGroup>
    <ClCompile Include="main.cpp" />
    <ClCompile Include="Game.cpp" />
    <ClCompile Include="ResManager\ResManager.cpp" />
    <ClCompile Include="ResManager\Shader.cpp" />
    <ClCompile Include="ResManager\Texture.cpp" />
    <ClCompile Include="World\Chunk.cpp" />
    <ClCompile Include="View\Window.cpp" />
    <ClCompile Include="View\Camera.cpp" />
    <ClCompile Include="Maths\GlmCommon.cpp" />
    <ClCompile Include="Generator\PerlinNoise.cpp" />
    <ClCompile Include="Generator\OctavePerlin.cpp" />
    <ClCompile Include="World\Section.cpp" />
    <ClCompile Include="Maths\Converter.cpp" />
    <ClCompile Include="World\ChunkMap.cpp" />
    <ClCompile Include="Generator\ChunkGenerator.cpp" />
    <ClCompile Include="Util\glad.c" />
    <ClCompile Include="Util\Debug.cpp" />
    <ClCompile Include="Util\stb_image.cpp" />
    <ClCompile Include="Block\Block.cpp" />
    <ClCompile Include="Maths\Dir2D.cpp" />
    <ClCompile Include="Maths\Dir3D.cpp" />
    <ClCompile Include="Util\Logger.cpp" />
    <ClCompile Include="WindowTextDrawer.cpp" />
  </ItemGroup>
  <ItemGroup>
    <ClInclude Include="Game.h" />
    <ClInclude Include="Util\Array3D.h" />
    <ClInclude Include="ResManager\ResManager.h" />
    <ClInclude Include="ResManager\Shader.h" />
    <ClInclude Include="ResManager\Texture.h" />
    <ClInclude Include="World\Chunk.h" />
    <ClInclude Include="View\Window.h" />
    <ClInclude Include="View\Camera.h" />
    <ClInclude Include="Maths\GlmCommon.h" />
    <ClInclude Include="Generator\PerlinNoise.h" />
    <ClInclude Include="Generator\OctavePerlin.h" />
    <ClInclude Include="World\Section.h" />
    <ClInclude Include="Maths\Converter.h" />
    <ClInclude Include="World\ChunkMap.h" />
    <ClInclude Include="Generator\ChunkGenerator.h" />
    <ClInclude Include="Util\Debug.h" />
    <ClInclude Include="World\WorldConstants.h" />
    <ClInclude Include="Util\stb_image.h" />
    <ClInclude Include="Block\Block.h" />
    <ClInclude Include="Maths\Dir2D.h" />
    <ClInclude Include="Maths\Dir3D.h" />
    <ClInclude Include="Util\json.hpp" />
    <ClInclude Include="Util\Logger.h" />
    <ClInclude Include="FPSCounter.h" />
    <ClInclude Include="WindowTextDrawer.h" />
    <ClInclude Include="CaptureMouse.h" />
  </ItemGroup>
</Project>